
Microsoft Visual Studio Solution File, Format Version 12.00
# Visual Studio Version 17
VisualStudioVersion = 17.7.34202.233
MinimumVisualStudioVersion = 10.0.40219.1
Project("{9A19103F-16F7-4668-BE54-9A1E7A4F7556}") = "JournalParserCore", "JournalParserCore.csproj", "{B393E36E-BF7A-4710-A51F-36647A3E1B33}"
EndProject
Global
	GlobalSection(SolutionConfigurationPlatforms) = preSolution
		Debug|Any CPU = Debug|Any CPU
		Release|Any CPU = Release|Any CPU
	EndGlobalSection
	GlobalSection(ProjectConfigurationPlatforms) = postSolution
		{B393E36E-BF7A-4710-A51F-36647A3E1B33}.Debug|Any CPU.ActiveCfg = Debug|Any CPU
		{B393E36E-BF7A-4710-A51F-36647A3E1B33}.Debug|Any CPU.Build.0 = Debug|Any CPU
		{B393E36E-BF7A-4710-A51F-36647A3E1B33}.Release|Any CPU.ActiveCfg = Release|Any CPU
		{B393E36E-BF7A-4710-A51F-36647A3E1B33}.Release|Any CPU.Build.0 = Release|Any CPU
	EndGlobalSection
	GlobalSection(SolutionProperties) = preSolution
		HideSolutionNode = FALSE
	EndGlobalSection
	GlobalSection(ExtensibilityGlobals) = postSolution
		SolutionGuid = {8D2E1FCB-4E33-4481-BD67-BEE1A5870F69}
	EndGlobalSection
EndGlobal
